
Microsoft Visual Studio Solution File, Format Version 12.00
# Visual Studio Version 17
VisualStudioVersion = 17.8.34302.71
MinimumVisualStudioVersion = 10.0.40219.1
Project("{FAE04EC0-301F-11D3-BF4B-00C04F79EFBC}") = "AdventOfCode.Runner", "AdventOfCode.Runner\AdventOfCode.Runner.csproj", "{AA5FB470-C2CA-47E6-972B-84389C527209}"
EndProject
Project("{FAE04EC0-301F-11D3-BF4B-00C04F79EFBC}") = "AdventOfCode.Benchmarks", "AdventOfCode.Benchmarks\AdventOfCode.Benchmarks.csproj", "{FAD47F9E-0266-4C5C-95CB-4A952F5E0826}"
EndProject
Project("{FAE04EC0-301F-11D3-BF4B-00C04F79EFBC}") = "AdventOfCode.Common", "AdventOfCode.Common\AdventOfCode.Common.csproj", "{3FDD8FE8-BF76-463B-A2E7-55BEF15B6DF2}"
EndProject
Global
	GlobalSection(SolutionConfigurationPlatforms) = preSolution
		Debug|Any CPU = Debug|Any CPU
		Release|Any CPU = Release|Any CPU
	EndGlobalSection
	GlobalSection(ProjectConfigurationPlatforms) = postSolution
		{AA5FB470-C2CA-47E6-972B-84389C527209}.Debug|Any CPU.ActiveCfg = Debug|Any CPU
		{AA5FB470-C2CA-47E6-972B-84389C527209}.Debug|Any CPU.Build.0 = Debug|Any CPU
		{AA5FB470-C2CA-47E6-972B-84389C527209}.Release|Any CPU.ActiveCfg = Release|Any CPU
		{AA5FB470-C2CA-47E6-972B-84389C527209}.Release|Any CPU.Build.0 = Release|Any CPU
		{FAD47F9E-0266-4C5C-95CB-4A952F5E0826}.Debug|Any CPU.ActiveCfg = Debug|Any CPU
		{FAD47F9E-0266-4C5C-95CB-4A952F5E0826}.Debug|Any CPU.Build.0 = Debug|Any CPU
		{FAD47F9E-0266-4C5C-95CB-4A952F5E0826}.Release|Any CPU.ActiveCfg = Release|Any CPU
		{FAD47F9E-0266-4C5C-95CB-4A952F5E0826}.Release|Any CPU.Build.0 = Release|Any CPU
		{3FDD8FE8-BF76-463B-A2E7-55BEF15B6DF2}.Debug|Any CPU.ActiveCfg = Debug|Any CPU
		{3FDD8FE8-BF76-463B-A2E7-55BEF15B6DF2}.Debug|Any CPU.Build.0 = Debug|Any CPU
		{3FDD8FE8-BF76-463B-A2E7-55BEF15B6DF2}.Release|Any CPU.ActiveCfg = Release|Any CPU
		{3FDD8FE8-BF76-463B-A2E7-55BEF15B6DF2}.Release|Any CPU.Build.0 = Release|Any CPU
	EndGlobalSection
	GlobalSection(SolutionProperties) = preSolution
		HideSolutionNode = FALSE
	EndGlobalSection
	GlobalSection(ExtensibilityGlobals) = postSolution
		SolutionGuid = {A0AA6EB7-238D-443C-BD3A-A2930A1BA71C}
	EndGlobalSection
EndGlobal
